// !$*UTF8*$!
{
	archiveVersion = 1;
	classes = {
	};
	objectVersion = 52;
	objects = {

/* Begin PBXBuildFile section */
		4FA84434A1712FBD56921C9E /* Pods_C_R_C_Ver2.framework in Frameworks */ = {isa = PBXBuildFile; fileRef = 86698D31E777964BDED6CE6A /* Pods_C_R_C_Ver2.framework */; };
		BD2BE8BD268C1BF600388108 /* TotalStudentModel.swift in Sources */ = {isa = PBXBuildFile; fileRef = BD2BE8BC268C1BF600388108 /* TotalStudentModel.swift */; };
		BD2BE8BF268C917100388108 /* StudentStatusBoardModel.swift in Sources */ = {isa = PBXBuildFile; fileRef = BD2BE8BE268C917100388108 /* StudentStatusBoardModel.swift */; };
		BD2BE8C1268DE88E00388108 /* MealReviewModel.swift in Sources */ = {isa = PBXBuildFile; fileRef = BD2BE8C0268DE88E00388108 /* MealReviewModel.swift */; };
		BD3E4CAC2695A00F00ABAA01 /* AddViewController.swift in Sources */ = {isa = PBXBuildFile; fileRef = BD3E4CAB2695A00F00ABAA01 /* AddViewController.swift */; };
		BD3E4CAE2695A02800ABAA01 /* NoticeViewController.swift in Sources */ = {isa = PBXBuildFile; fileRef = BD3E4CAD2695A02800ABAA01 /* NoticeViewController.swift */; };
		BD3E4CB12695A11D00ABAA01 /* NoticeTableViewCell.swift in Sources */ = {isa = PBXBuildFile; fileRef = BD3E4CB02695A11D00ABAA01 /* NoticeTableViewCell.swift */; };
		BD3E4CB32695A8D400ABAA01 /* NoticeModel.swift in Sources */ = {isa = PBXBuildFile; fileRef = BD3E4CB22695A8D400ABAA01 /* NoticeModel.swift */; };
		BD3E4CB52695C91100ABAA01 /* NoticeCreateViewController.swift in Sources */ = {isa = PBXBuildFile; fileRef = BD3E4CB42695C91100ABAA01 /* NoticeCreateViewController.swift */; };
		BD4901A0267613FD000CB091 /* MealReviewViewController.swift in Sources */ = {isa = PBXBuildFile; fileRef = BD49019F267613FD000CB091 /* MealReviewViewController.swift */; };
		BD4A20A3268EEF060082FCF0 /* MealReviewCreateViewController.swift in Sources */ = {isa = PBXBuildFile; fileRef = BD4A20A2268EEF060082FCF0 /* MealReviewCreateViewController.swift */; };
		BD4F2B8A2673447900790E56 /* TotalStatusBoardViewController.swift in Sources */ = {isa = PBXBuildFile; fileRef = BD4F2B892673447900790E56 /* TotalStatusBoardViewController.swift */; };
		BD6277A3269402E200D99464 /* MealSuggestionBoardCreateViewController.swift in Sources */ = {isa = PBXBuildFile; fileRef = BD6277A2269402E200D99464 /* MealSuggestionBoardCreateViewController.swift */; };
		BD692E282692B0B1001CF85D /* MealSuggestionBoardModel.swift in Sources */ = {isa = PBXBuildFile; fileRef = BD692E272692B0B1001CF85D /* MealSuggestionBoardModel.swift */; };
		BD6B4E1F265DD42800BEBF7F /* AppDelegate.swift in Sources */ = {isa = PBXBuildFile; fileRef = BD6B4E1E265DD42800BEBF7F /* AppDelegate.swift */; };
		BD6B4E21265DD42800BEBF7F /* SceneDelegate.swift in Sources */ = {isa = PBXBuildFile; fileRef = BD6B4E20265DD42800BEBF7F /* SceneDelegate.swift */; };
		BD6B4E23265DD42800BEBF7F /* StudentStatusBoardViewController.swift in Sources */ = {isa = PBXBuildFile; fileRef = BD6B4E22265DD42800BEBF7F /* StudentStatusBoardViewController.swift */; };
		BD6B4E26265DD42800BEBF7F /* Main.storyboard in Resources */ = {isa = PBXBuildFile; fileRef = BD6B4E24265DD42800BEBF7F /* Main.storyboard */; };
		BD6B4E28265DD42900BEBF7F /* Assets.xcassets in Resources */ = {isa = PBXBuildFile; fileRef = BD6B4E27265DD42900BEBF7F /* Assets.xcassets */; };
		BD6B4E39265F3FF600BEBF7F /* LoginViewController.swift in Sources */ = {isa = PBXBuildFile; fileRef = BD6B4E38265F3FF600BEBF7F /* LoginViewController.swift */; };
		BD6B4E3C26607B8D00BEBF7F /* Alamofire in Frameworks */ = {isa = PBXBuildFile; productRef = BD6B4E3B26607B8D00BEBF7F /* Alamofire */; };
		BD6B4E3F26607F1300BEBF7F /* SignUpEmailViewController.swift in Sources */ = {isa = PBXBuildFile; fileRef = BD6B4E3E26607F1300BEBF7F /* SignUpEmailViewController.swift */; };
		BD6B4E4126607F4D00BEBF7F /* SignUpPasswordViewController.swift in Sources */ = {isa = PBXBuildFile; fileRef = BD6B4E4026607F4D00BEBF7F /* SignUpPasswordViewController.swift */; };
		BD6B4E4526607F7100BEBF7F /* SignUpNameViewController.swift in Sources */ = {isa = PBXBuildFile; fileRef = BD6B4E4426607F7100BEBF7F /* SignUpNameViewController.swift */; };
		BD6B4E4726607F8000BEBF7F /* SignUpClassNumberViewController.swift in Sources */ = {isa = PBXBuildFile; fileRef = BD6B4E4626607F8000BEBF7F /* SignUpClassNumberViewController.swift */; };
		BD751E842689EF7800BAD08B /* TokenManager.swift in Sources */ = {isa = PBXBuildFile; fileRef = BD751E832689EF7800BAD08B /* TokenManager.swift */; };
		BD80B731266BC4AE00612FB1 /* StudentStatusBoardTableViewCell.swift in Sources */ = {isa = PBXBuildFile; fileRef = BD80B730266BC4AE00612FB1 /* StudentStatusBoardTableViewCell.swift */; };
		BDAF07E9266BC838005F49CF /* LaunchScreen.storyboard in Resources */ = {isa = PBXBuildFile; fileRef = BD6B4E29265DD42900BEBF7F /* LaunchScreen.storyboard */; };
		BDB3DC7A2669FAF100EBE1EF /* NVActivityIndicatorView in Frameworks */ = {isa = PBXBuildFile; productRef = BDB3DC792669FAF100EBE1EF /* NVActivityIndicatorView */; };
		BDC2B151267236CC00D2B108 /* C.R.C.Ver.2로고.png in Resources */ = {isa = PBXBuildFile; fileRef = BDC2B150267236CC00D2B108 /* C.R.C.Ver.2로고.png */; };
		BDCA19ED2676DB0100EFDDEC /* MealReviewTableViewCell.swift in Sources */ = {isa = PBXBuildFile; fileRef = BDCA19EC2676DB0100EFDDEC /* MealReviewTableViewCell.swift */; };
		BDEB3E512668F0730008DDCA /* SignUpManager.swift in Sources */ = {isa = PBXBuildFile; fileRef = BDEB3E502668F0730008DDCA /* SignUpManager.swift */; };
		BDEE15BA26906C14005CC0AF /* MealSuggestionBoardViewController.swift in Sources */ = {isa = PBXBuildFile; fileRef = BDEE15B926906C14005CC0AF /* MealSuggestionBoardViewController.swift */; };
		BDEE15BD26906CAE005CC0AF /* MealSuggestionBoardTableViewCell.swift in Sources */ = {isa = PBXBuildFile; fileRef = BDEE15BC26906CAE005CC0AF /* MealSuggestionBoardTableViewCell.swift */; };
		BDFE5EC2266521B70070FBAC /* KeychainAccess in Frameworks */ = {isa = PBXBuildFile; productRef = BDFE5EC1266521B70070FBAC /* KeychainAccess */; };
/* End PBXBuildFile section */

/* Begin PBXFileReference section */
		6286CBAEB4E70FA40F280C15 /* Pods-C.R.C.Ver2.debug.xcconfig */ = {isa = PBXFileReference; includeInIndex = 1; lastKnownFileType = text.xcconfig; name = "Pods-C.R.C.Ver2.debug.xcconfig"; path = "Target Support Files/Pods-C.R.C.Ver2/Pods-C.R.C.Ver2.debug.xcconfig"; sourceTree = "<group>"; };
		703F4D52836E0CB5BC009D84 /* Pods-C.R.C.Ver2.release.xcconfig */ = {isa = PBXFileReference; includeInIndex = 1; lastKnownFileType = text.xcconfig; name = "Pods-C.R.C.Ver2.release.xcconfig"; path = "Target Support Files/Pods-C.R.C.Ver2/Pods-C.R.C.Ver2.release.xcconfig"; sourceTree = "<group>"; };
		86698D31E777964BDED6CE6A /* Pods_C_R_C_Ver2.framework */ = {isa = PBXFileReference; explicitFileType = wrapper.framework; includeInIndex = 0; path = Pods_C_R_C_Ver2.framework; sourceTree = BUILT_PRODUCTS_DIR; };
		BD2BE8BC268C1BF600388108 /* TotalStudentModel.swift */ = {isa = PBXFileReference; lastKnownFileType = sourcecode.swift; path = TotalStudentModel.swift; sourceTree = "<group>"; };
		BD2BE8BE268C917100388108 /* StudentStatusBoardModel.swift */ = {isa = PBXFileReference; lastKnownFileType = sourcecode.swift; path = StudentStatusBoardModel.swift; sourceTree = "<group>"; };
		BD2BE8C0268DE88E00388108 /* MealReviewModel.swift */ = {isa = PBXFileReference; lastKnownFileType = sourcecode.swift; path = MealReviewModel.swift; sourceTree = "<group>"; };
		BD3E4CAB2695A00F00ABAA01 /* AddViewController.swift */ = {isa = PBXFileReference; lastKnownFileType = sourcecode.swift; path = AddViewController.swift; sourceTree = "<group>"; };
		BD3E4CAD2695A02800ABAA01 /* NoticeViewController.swift */ = {isa = PBXFileReference; lastKnownFileType = sourcecode.swift; path = NoticeViewController.swift; sourceTree = "<group>"; };
		BD3E4CB02695A11D00ABAA01 /* NoticeTableViewCell.swift */ = {isa = PBXFileReference; lastKnownFileType = sourcecode.swift; path = NoticeTableViewCell.swift; sourceTree = "<group>"; };
		BD3E4CB22695A8D400ABAA01 /* NoticeModel.swift */ = {isa = PBXFileReference; lastKnownFileType = sourcecode.swift; path = NoticeModel.swift; sourceTree = "<group>"; };
		BD3E4CB42695C91100ABAA01 /* NoticeCreateViewController.swift */ = {isa = PBXFileReference; lastKnownFileType = sourcecode.swift; path = NoticeCreateViewController.swift; sourceTree = "<group>"; };
		BD49019F267613FD000CB091 /* MealReviewViewController.swift */ = {isa = PBXFileReference; lastKnownFileType = sourcecode.swift; path = MealReviewViewController.swift; sourceTree = "<group>"; };
		BD4A20A2268EEF060082FCF0 /* MealReviewCreateViewController.swift */ = {isa = PBXFileReference; lastKnownFileType = sourcecode.swift; path = MealReviewCreateViewController.swift; sourceTree = "<group>"; };
		BD4F2B892673447900790E56 /* TotalStatusBoardViewController.swift */ = {isa = PBXFileReference; lastKnownFileType = sourcecode.swift; path = TotalStatusBoardViewController.swift; sourceTree = "<group>"; };
		BD6277A2269402E200D99464 /* MealSuggestionBoardCreateViewController.swift */ = {isa = PBXFileReference; lastKnownFileType = sourcecode.swift; path = MealSuggestionBoardCreateViewController.swift; sourceTree = "<group>"; };
		BD692E272692B0B1001CF85D /* MealSuggestionBoardModel.swift */ = {isa = PBXFileReference; lastKnownFileType = sourcecode.swift; path = MealSuggestionBoardModel.swift; sourceTree = "<group>"; };
		BD6B4E1B265DD42800BEBF7F /* C.R.C.Ver2.app */ = {isa = PBXFileReference; explicitFileType = wrapper.application; includeInIndex = 0; path = C.R.C.Ver2.app; sourceTree = BUILT_PRODUCTS_DIR; };
		BD6B4E1E265DD42800BEBF7F /* AppDelegate.swift */ = {isa = PBXFileReference; lastKnownFileType = sourcecode.swift; path = AppDelegate.swift; sourceTree = "<group>"; };
		BD6B4E20265DD42800BEBF7F /* SceneDelegate.swift */ = {isa = PBXFileReference; lastKnownFileType = sourcecode.swift; path = SceneDelegate.swift; sourceTree = "<group>"; };
		BD6B4E22265DD42800BEBF7F /* StudentStatusBoardViewController.swift */ = {isa = PBXFileReference; lastKnownFileType = sourcecode.swift; path = StudentStatusBoardViewController.swift; sourceTree = "<group>"; };
		BD6B4E25265DD42800BEBF7F /* Base */ = {isa = PBXFileReference; lastKnownFileType = file.storyboard; name = Base; path = Base.lproj/Main.storyboard; sourceTree = "<group>"; };
		BD6B4E27265DD42900BEBF7F /* Assets.xcassets */ = {isa = PBXFileReference; lastKnownFileType = folder.assetcatalog; path = Assets.xcassets; sourceTree = "<group>"; };
		BD6B4E2A265DD42900BEBF7F /* Base */ = {isa = PBXFileReference; lastKnownFileType = file.storyboard; name = Base; path = Base.lproj/LaunchScreen.storyboard; sourceTree = "<group>"; };
		BD6B4E2C265DD42900BEBF7F /* Info.plist */ = {isa = PBXFileReference; lastKnownFileType = text.plist.xml; path = Info.plist; sourceTree = "<group>"; };
		BD6B4E38265F3FF600BEBF7F /* LoginViewController.swift */ = {isa = PBXFileReference; lastKnownFileType = sourcecode.swift; path = LoginViewController.swift; sourceTree = "<group>"; };
		BD6B4E3E26607F1300BEBF7F /* SignUpEmailViewController.swift */ = {isa = PBXFileReference; lastKnownFileType = sourcecode.swift; path = SignUpEmailViewController.swift; sourceTree = "<group>"; };
		BD6B4E4026607F4D00BEBF7F /* SignUpPasswordViewController.swift */ = {isa = PBXFileReference; lastKnownFileType = sourcecode.swift; path = SignUpPasswordViewController.swift; sourceTree = "<group>"; };
		BD6B4E4426607F7100BEBF7F /* SignUpNameViewController.swift */ = {isa = PBXFileReference; lastKnownFileType = sourcecode.swift; path = SignUpNameViewController.swift; sourceTree = "<group>"; };
		BD6B4E4626607F8000BEBF7F /* SignUpClassNumberViewController.swift */ = {isa = PBXFileReference; lastKnownFileType = sourcecode.swift; path = SignUpClassNumberViewController.swift; sourceTree = "<group>"; };
		BD751E832689EF7800BAD08B /* TokenManager.swift */ = {isa = PBXFileReference; lastKnownFileType = sourcecode.swift; path = TokenManager.swift; sourceTree = "<group>"; };
		BD80B730266BC4AE00612FB1 /* StudentStatusBoardTableViewCell.swift */ = {isa = PBXFileReference; lastKnownFileType = sourcecode.swift; path = StudentStatusBoardTableViewCell.swift; sourceTree = "<group>"; };
		BDC2B150267236CC00D2B108 /* C.R.C.Ver.2로고.png */ = {isa = PBXFileReference; lastKnownFileType = image.png; name = "C.R.C.Ver.2로고.png"; path = "../../../../Downloads/C.R.C.Ver.2로고.png"; sourceTree = "<group>"; };
		BDCA19EC2676DB0100EFDDEC /* MealReviewTableViewCell.swift */ = {isa = PBXFileReference; lastKnownFileType = sourcecode.swift; path = MealReviewTableViewCell.swift; sourceTree = "<group>"; };
		BDEB3E502668F0730008DDCA /* SignUpManager.swift */ = {isa = PBXFileReference; lastKnownFileType = sourcecode.swift; path = SignUpManager.swift; sourceTree = "<group>"; };
		BDEE15B926906C14005CC0AF /* MealSuggestionBoardViewController.swift */ = {isa = PBXFileReference; lastKnownFileType = sourcecode.swift; path = MealSuggestionBoardViewController.swift; sourceTree = "<group>"; };
		BDEE15BC26906CAE005CC0AF /* MealSuggestionBoardTableViewCell.swift */ = {isa = PBXFileReference; lastKnownFileType = sourcecode.swift; path = MealSuggestionBoardTableViewCell.swift; sourceTree = "<group>"; };
/* End PBXFileReference section */

/* Begin PBXFrameworksBuildPhase section */
		BD6B4E18265DD42800BEBF7F /* Frameworks */ = {
			isa = PBXFrameworksBuildPhase;
			buildActionMask = 2147483647;
			files = (
				BDFE5EC2266521B70070FBAC /* KeychainAccess in Frameworks */,
				BD6B4E3C26607B8D00BEBF7F /* Alamofire in Frameworks */,
				BDB3DC7A2669FAF100EBE1EF /* NVActivityIndicatorView in Frameworks */,
				4FA84434A1712FBD56921C9E /* Pods_C_R_C_Ver2.framework in Frameworks */,
			);
			runOnlyForDeploymentPostprocessing = 0;
		};
/* End PBXFrameworksBuildPhase section */

/* Begin PBXGroup section */
		0B77A9C5DFA655366DECA7B6 /* Frameworks */ = {
			isa = PBXGroup;
			children = (
				86698D31E777964BDED6CE6A /* Pods_C_R_C_Ver2.framework */,
			);
			name = Frameworks;
			sourceTree = "<group>";
		};
		2117168C96E45250178533CF /* Pods */ = {
			isa = PBXGroup;
			children = (
				6286CBAEB4E70FA40F280C15 /* Pods-C.R.C.Ver2.debug.xcconfig */,
				703F4D52836E0CB5BC009D84 /* Pods-C.R.C.Ver2.release.xcconfig */,
			);
			path = Pods;
			sourceTree = "<group>";
		};
		BD3E4CAA26959FEC00ABAA01 /* ADD */ = {
			isa = PBXGroup;
			children = (
				BD3E4CAB2695A00F00ABAA01 /* AddViewController.swift */,
				BD3E4CAD2695A02800ABAA01 /* NoticeViewController.swift */,
				BD3E4CB42695C91100ABAA01 /* NoticeCreateViewController.swift */,
			);
			path = ADD;
			sourceTree = "<group>";
		};
		BD3E4CAF2695A10100ABAA01 /* ADD */ = {
			isa = PBXGroup;
			children = (
				BD3E4CB02695A11D00ABAA01 /* NoticeTableViewCell.swift */,
			);
			path = ADD;
			sourceTree = "<group>";
		};
		BD49019E267613C4000CB091 /* MealReview */ = {
			isa = PBXGroup;
			children = (
				BD49019F267613FD000CB091 /* MealReviewViewController.swift */,
				BD4A20A2268EEF060082FCF0 /* MealReviewCreateViewController.swift */,
			);
			path = MealReview;
			sourceTree = "<group>";
		};
		BD4F2B8826733CE100790E56 /* TotalStatusBoard */ = {
			isa = PBXGroup;
			children = (
				BD4F2B892673447900790E56 /* TotalStatusBoardViewController.swift */,
			);
			path = TotalStatusBoard;
			sourceTree = "<group>";
		};
		BD6B4E12265DD42800BEBF7F = {
			isa = PBXGroup;
			children = (
				BDC2B150267236CC00D2B108 /* C.R.C.Ver.2로고.png */,
				BD6B4E1D265DD42800BEBF7F /* C.R.C.Ver2 */,
				BD6B4E1C265DD42800BEBF7F /* Products */,
				2117168C96E45250178533CF /* Pods */,
				0B77A9C5DFA655366DECA7B6 /* Frameworks */,
			);
			sourceTree = "<group>";
		};
		BD6B4E1C265DD42800BEBF7F /* Products */ = {
			isa = PBXGroup;
			children = (
				BD6B4E1B265DD42800BEBF7F /* C.R.C.Ver2.app */,
			);
			name = Products;
			sourceTree = "<group>";
		};
		BD6B4E1D265DD42800BEBF7F /* C.R.C.Ver2 */ = {
			isa = PBXGroup;
			children = (
				BD6B4E35265DD98A00BEBF7F /* Delegate */,
				BDEB3E4F2668EFB60008DDCA /* Manager */,
				BD6B4E32265DD95F00BEBF7F /* Model */,
				BD6B4E34265DD97600BEBF7F /* View */,
				BD6B4E33265DD96600BEBF7F /* Controller */,
				BD6B4E27265DD42900BEBF7F /* Assets.xcassets */,
				BD6B4E2C265DD42900BEBF7F /* Info.plist */,
			);
			path = C.R.C.Ver2;
			sourceTree = "<group>";
		};
		BD6B4E32265DD95F00BEBF7F /* Model */ = {
			isa = PBXGroup;
			children = (
				BD2BE8BC268C1BF600388108 /* TotalStudentModel.swift */,
				BD2BE8BE268C917100388108 /* StudentStatusBoardModel.swift */,
				BD2BE8C0268DE88E00388108 /* MealReviewModel.swift */,
				BD692E272692B0B1001CF85D /* MealSuggestionBoardModel.swift */,
				BD3E4CB22695A8D400ABAA01 /* NoticeModel.swift */,
			);
			path = Model;
			sourceTree = "<group>";
		};
		BD6B4E33265DD96600BEBF7F /* Controller */ = {
			isa = PBXGroup;
			children = (
				BD6B4E37265F3FD300BEBF7F /* Login */,
				BD6B4E3D26607EF700BEBF7F /* SignUp */,
				BD4F2B8826733CE100790E56 /* TotalStatusBoard */,
				BDC0DB0F26677EE900175A85 /* StudentStatusBoard */,
				BD49019E267613C4000CB091 /* MealReview */,
				BDEE15B826906B64005CC0AF /* MealSuggestionBoard */,
				BD3E4CAA26959FEC00ABAA01 /* ADD */,
			);
			path = Controller;
			sourceTree = "<group>";
		};
		BD6B4E34265DD97600BEBF7F /* View */ = {
			isa = PBXGroup;
			children = (
				BD6B4E36265DD9B000BEBF7F /* Storyboard */,
				BD80B72F266BC49400612FB1 /* Cell */,
			);
			path = View;
			sourceTree = "<group>";
		};
		BD6B4E35265DD98A00BEBF7F /* Delegate */ = {
			isa = PBXGroup;
			children = (
				BD6B4E1E265DD42800BEBF7F /* AppDelegate.swift */,
				BD6B4E20265DD42800BEBF7F /* SceneDelegate.swift */,
			);
			path = Delegate;
			sourceTree = "<group>";
		};
		BD6B4E36265DD9B000BEBF7F /* Storyboard */ = {
			isa = PBXGroup;
			children = (
				BD6B4E24265DD42800BEBF7F /* Main.storyboard */,
				BD6B4E29265DD42900BEBF7F /* LaunchScreen.storyboard */,
			);
			path = Storyboard;
			sourceTree = "<group>";
		};
		BD6B4E37265F3FD300BEBF7F /* Login */ = {
			isa = PBXGroup;
			children = (
				BD6B4E38265F3FF600BEBF7F /* LoginViewController.swift */,
			);
			path = Login;
			sourceTree = "<group>";
		};
		BD6B4E3D26607EF700BEBF7F /* SignUp */ = {
			isa = PBXGroup;
			children = (
				BD6B4E3E26607F1300BEBF7F /* SignUpEmailViewController.swift */,
				BD6B4E4026607F4D00BEBF7F /* SignUpPasswordViewController.swift */,
				BD6B4E4426607F7100BEBF7F /* SignUpNameViewController.swift */,
				BD6B4E4626607F8000BEBF7F /* SignUpClassNumberViewController.swift */,
			);
			path = SignUp;
			sourceTree = "<group>";
		};
		BD80B72F266BC49400612FB1 /* Cell */ = {
			isa = PBXGroup;
			children = (
				BDCA19EA2676DAD600EFDDEC /* StudentStatusBoard */,
				BDCA19EB2676DAE800EFDDEC /* MealReview */,
				BDEE15BB26906C49005CC0AF /* MealSuggestionBoard */,
				BD3E4CAF2695A10100ABAA01 /* ADD */,
			);
			path = Cell;
			sourceTree = "<group>";
		};
		BDC0DB0F26677EE900175A85 /* StudentStatusBoard */ = {
			isa = PBXGroup;
			children = (
				BD6B4E22265DD42800BEBF7F /* StudentStatusBoardViewController.swift */,
			);
			path = StudentStatusBoard;
			sourceTree = "<group>";
		};
		BDCA19EA2676DAD600EFDDEC /* StudentStatusBoard */ = {
			isa = PBXGroup;
			children = (
				BD80B730266BC4AE00612FB1 /* StudentStatusBoardTableViewCell.swift */,
			);
			path = StudentStatusBoard;
			sourceTree = "<group>";
		};
		BDCA19EB2676DAE800EFDDEC /* MealReview */ = {
			isa = PBXGroup;
			children = (
				BDCA19EC2676DB0100EFDDEC /* MealReviewTableViewCell.swift */,
			);
			path = MealReview;
			sourceTree = "<group>";
		};
		BDEB3E4F2668EFB60008DDCA /* Manager */ = {
			isa = PBXGroup;
			children = (
				BD751E832689EF7800BAD08B /* TokenManager.swift */,
				BDEB3E502668F0730008DDCA /* SignUpManager.swift */,
			);
			path = Manager;
			sourceTree = "<group>";
		};
		BDEE15B826906B64005CC0AF /* MealSuggestionBoard */ = {
			isa = PBXGroup;
			children = (
				BDEE15B926906C14005CC0AF /* MealSuggestionBoardViewController.swift */,
				BD6277A2269402E200D99464 /* MealSuggestionBoardCreateViewController.swift */,
			);
			path = MealSuggestionBoard;
			sourceTree = "<group>";
		};
		BDEE15BB26906C49005CC0AF /* MealSuggestionBoard */ = {
			isa = PBXGroup;
			children = (
				BDEE15BC26906CAE005CC0AF /* MealSuggestionBoardTableViewCell.swift */,
			);
			path = MealSuggestionBoard;
			sourceTree = "<group>";
		};
/* End PBXGroup section */

/* Begin PBXNativeTarget section */
		BD6B4E1A265DD42800BEBF7F /* C.R.C.Ver2 */ = {
			isa = PBXNativeTarget;
			buildConfigurationList = BD6B4E2F265DD42900BEBF7F /* Build configuration list for PBXNativeTarget "C.R.C.Ver2" */;
			buildPhases = (
				3288FDBDE189987C6902434B /* [CP] Check Pods Manifest.lock */,
				BD6B4E17265DD42800BEBF7F /* Sources */,
				BD6B4E18265DD42800BEBF7F /* Frameworks */,
				BD6B4E19265DD42800BEBF7F /* Resources */,
				0CC0E32E4AC078ABD203770A /* [CP] Embed Pods Frameworks */,
			);
			buildRules = (
			);
			dependencies = (
			);
			name = C.R.C.Ver2;
			packageProductDependencies = (
				BD6B4E3B26607B8D00BEBF7F /* Alamofire */,
				BDFE5EC1266521B70070FBAC /* KeychainAccess */,
				BDB3DC792669FAF100EBE1EF /* NVActivityIndicatorView */,
			);
			productName = C.R.C.Ver2;
			productReference = BD6B4E1B265DD42800BEBF7F /* C.R.C.Ver2.app */;
			productType = "com.apple.product-type.application";
		};
/* End PBXNativeTarget section */

/* Begin PBXProject section */
		BD6B4E13265DD42800BEBF7F /* Project object */ = {
			isa = PBXProject;
			attributes = {
				LastSwiftUpdateCheck = 1250;
				LastUpgradeCheck = 1250;
				TargetAttributes = {
					BD6B4E1A265DD42800BEBF7F = {
						CreatedOnToolsVersion = 12.5;
					};
				};
			};
			buildConfigurationList = BD6B4E16265DD42800BEBF7F /* Build configuration list for PBXProject "C.R.C.Ver2" */;
			compatibilityVersion = "Xcode 9.3";
			developmentRegion = en;
			hasScannedForEncodings = 0;
			knownRegions = (
				en,
				Base,
			);
			mainGroup = BD6B4E12265DD42800BEBF7F;
			packageReferences = (
				BD6B4E3A26607B8D00BEBF7F /* XCRemoteSwiftPackageReference "Alamofire" */,
				BDFE5EC0266521B70070FBAC /* XCRemoteSwiftPackageReference "KeychainAccess" */,
				BDB3DC782669FAF100EBE1EF /* XCRemoteSwiftPackageReference "NVActivityIndicatorView" */,
			);
			productRefGroup = BD6B4E1C265DD42800BEBF7F /* Products */;
			projectDirPath = "";
			projectRoot = "";
			targets = (
				BD6B4E1A265DD42800BEBF7F /* C.R.C.Ver2 */,
			);
		};
/* End PBXProject section */

/* Begin PBXResourcesBuildPhase section */
		BD6B4E19265DD42800BEBF7F /* Resources */ = {
			isa = PBXResourcesBuildPhase;
			buildActionMask = 2147483647;
			files = (
				BDAF07E9266BC838005F49CF /* LaunchScreen.storyboard in Resources */,
				BD6B4E28265DD42900BEBF7F /* Assets.xcassets in Resources */,
				BD6B4E26265DD42800BEBF7F /* Main.storyboard in Resources */,
				BDC2B151267236CC00D2B108 /* C.R.C.Ver.2로고.png in Resources */,
			);
			runOnlyForDeploymentPostprocessing = 0;
		};
/* End PBXResourcesBuildPhase section */

/* Begin PBXShellScriptBuildPhase section */
		0CC0E32E4AC078ABD203770A /* [CP] Embed Pods Frameworks */ = {
			isa = PBXShellScriptBuildPhase;
			buildActionMask = 2147483647;
			files = (
			);
			inputFileListPaths = (
				"${PODS_ROOT}/Target Support Files/Pods-C.R.C.Ver2/Pods-C.R.C.Ver2-frameworks-${CONFIGURATION}-input-files.xcfilelist",
			);
			name = "[CP] Embed Pods Frameworks";
			outputFileListPaths = (
				"${PODS_ROOT}/Target Support Files/Pods-C.R.C.Ver2/Pods-C.R.C.Ver2-frameworks-${CONFIGURATION}-output-files.xcfilelist",
			);
			runOnlyForDeploymentPostprocessing = 0;
			shellPath = /bin/sh;
			shellScript = "\"${PODS_ROOT}/Target Support Files/Pods-C.R.C.Ver2/Pods-C.R.C.Ver2-frameworks.sh\"\n";
			showEnvVarsInLog = 0;
		};
		3288FDBDE189987C6902434B /* [CP] Check Pods Manifest.lock */ = {
			isa = PBXShellScriptBuildPhase;
			buildActionMask = 2147483647;
			files = (
			);
			inputFileListPaths = (
			);
			inputPaths = (
				"${PODS_PODFILE_DIR_PATH}/Podfile.lock",
				"${PODS_ROOT}/Manifest.lock",
			);
			name = "[CP] Check Pods Manifest.lock";
			outputFileListPaths = (
			);
			outputPaths = (
				"$(DERIVED_FILE_DIR)/Pods-C.R.C.Ver2-checkManifestLockResult.txt",
			);
			runOnlyForDeploymentPostprocessing = 0;
			shellPath = /bin/sh;
			shellScript = "diff \"${PODS_PODFILE_DIR_PATH}/Podfile.lock\" \"${PODS_ROOT}/Manifest.lock\" > /dev/null\nif [ $? != 0 ] ; then\n    # print error to STDERR\n    echo \"error: The sandbox is not in sync with the Podfile.lock. Run 'pod install' or update your CocoaPods installation.\" >&2\n    exit 1\nfi\n# This output is used by Xcode 'outputs' to avoid re-running this script phase.\necho \"SUCCESS\" > \"${SCRIPT_OUTPUT_FILE_0}\"\n";
			showEnvVarsInLog = 0;
		};
/* End PBXShellScriptBuildPhase section */

/* Begin PBXSourcesBuildPhase section */
		BD6B4E17265DD42800BEBF7F /* Sources */ = {
			isa = PBXSourcesBuildPhase;
			buildActionMask = 2147483647;
			files = (
				BD6277A3269402E200D99464 /* MealSuggestionBoardCreateViewController.swift in Sources */,
				BD6B4E39265F3FF600BEBF7F /* LoginViewController.swift in Sources */,
				BD6B4E23265DD42800BEBF7F /* StudentStatusBoardViewController.swift in Sources */,
				BD80B731266BC4AE00612FB1 /* StudentStatusBoardTableViewCell.swift in Sources */,
				BD6B4E1F265DD42800BEBF7F /* AppDelegate.swift in Sources */,
				BD3E4CB32695A8D400ABAA01 /* NoticeModel.swift in Sources */,
				BD6B4E4126607F4D00BEBF7F /* SignUpPasswordViewController.swift in Sources */,
				BD6B4E21265DD42800BEBF7F /* SceneDelegate.swift in Sources */,
				BD6B4E4726607F8000BEBF7F /* SignUpClassNumberViewController.swift in Sources */,
				BDEE15BD26906CAE005CC0AF /* MealSuggestionBoardTableViewCell.swift in Sources */,
				BDCA19ED2676DB0100EFDDEC /* MealReviewTableViewCell.swift in Sources */,
				BD4F2B8A2673447900790E56 /* TotalStatusBoardViewController.swift in Sources */,
				BD3E4CAC2695A00F00ABAA01 /* AddViewController.swift in Sources */,
				BD692E282692B0B1001CF85D /* MealSuggestionBoardModel.swift in Sources */,
				BD2BE8BD268C1BF600388108 /* TotalStudentModel.swift in Sources */,
				BDEE15BA26906C14005CC0AF /* MealSuggestionBoardViewController.swift in Sources */,
				BDEB3E512668F0730008DDCA /* SignUpManager.swift in Sources */,
				BD4901A0267613FD000CB091 /* MealReviewViewController.swift in Sources */,
				BD2BE8BF268C917100388108 /* StudentStatusBoardModel.swift in Sources */,
				BD3E4CB12695A11D00ABAA01 /* NoticeTableViewCell.swift in Sources */,
				BD6B4E3F26607F1300BEBF7F /* SignUpEmailViewController.swift in Sources */,
				BD6B4E4526607F7100BEBF7F /* SignUpNameViewController.swift in Sources */,
				BD751E842689EF7800BAD08B /* TokenManager.swift in Sources */,
				BD2BE8C1268DE88E00388108 /* MealReviewModel.swift in Sources */,
				BD3E4CB52695C91100ABAA01 /* NoticeCreateViewController.swift in Sources */,
				BD3E4CAE2695A02800ABAA01 /* NoticeViewController.swift in Sources */,
				BD4A20A3268EEF060082FCF0 /* MealReviewCreateViewController.swift in Sources */,
			);
			runOnlyForDeploymentPostprocessing = 0;
		};
/* End PBXSourcesBuildPhase section */

/* Begin PBXVariantGroup section */
		BD6B4E24265DD42800BEBF7F /* Main.storyboard */ = {
			isa = PBXVariantGroup;
			children = (
				BD6B4E25265DD42800BEBF7F /* Base */,
			);
			name = Main.storyboard;
			sourceTree = "<group>";
		};
		BD6B4E29265DD42900BEBF7F /* LaunchScreen.storyboard */ = {
			isa = PBXVariantGroup;
			children = (
				BD6B4E2A265DD42900BEBF7F /* Base */,
			);
			name = LaunchScreen.storyboard;
			sourceTree = "<group>";
		};
/* End PBXVariantGroup section */

/* Begin XCBuildConfiguration section */
		BD6B4E2D265DD42900BEBF7F /* Debug */ = {
			isa = XCBuildConfiguration;
			buildSettings = {
				ALWAYS_SEARCH_USER_PATHS = NO;
				CLANG_ANALYZER_NONNULL = YES;
				CLANG_ANALYZER_NUMBER_OBJECT_CONVERSION = YES_AGGRESSIVE;
				CLANG_CXX_LANGUAGE_STANDARD = "gnu++14";
				CLANG_CXX_LIBRARY = "libc++";
				CLANG_ENABLE_MODULES = YES;
				CLANG_ENABLE_OBJC_ARC = YES;
				CLANG_ENABLE_OBJC_WEAK = YES;
				CLANG_WARN_BLOCK_CAPTURE_AUTORELEASING = YES;
				CLANG_WARN_BOOL_CONVERSION = YES;
				CLANG_WARN_COMMA = YES;
				CLANG_WARN_CONSTANT_CONVERSION = YES;
				CLANG_WARN_DEPRECATED_OBJC_IMPLEMENTATIONS = YES;
				CLANG_WARN_DIRECT_OBJC_ISA_USAGE = YES_ERROR;
				CLANG_WARN_DOCUMENTATION_COMMENTS = YES;
				CLANG_WARN_EMPTY_BODY = YES;
				CLANG_WARN_ENUM_CONVERSION = YES;
				CLANG_WARN_INFINITE_RECURSION = YES;
				CLANG_WARN_INT_CONVERSION = YES;
				CLANG_WARN_NON_LITERAL_NULL_CONVERSION = YES;
				CLANG_WARN_OBJC_IMPLICIT_RETAIN_SELF = YES;
				CLANG_WARN_OBJC_LITERAL_CONVERSION = YES;
				CLANG_WARN_OBJC_ROOT_CLASS = YES_ERROR;
				CLANG_WARN_QUOTED_INCLUDE_IN_FRAMEWORK_HEADER = YES;
				CLANG_WARN_RANGE_LOOP_ANALYSIS = YES;
				CLANG_WARN_STRICT_PROTOTYPES = YES;
				CLANG_WARN_SUSPICIOUS_MOVE = YES;
				CLANG_WARN_UNGUARDED_AVAILABILITY = YES_AGGRESSIVE;
				CLANG_WARN_UNREACHABLE_CODE = YES;
				CLANG_WARN__DUPLICATE_METHOD_MATCH = YES;
				COPY_PHASE_STRIP = NO;
				DEBUG_INFORMATION_FORMAT = dwarf;
				ENABLE_STRICT_OBJC_MSGSEND = YES;
				ENABLE_TESTABILITY = YES;
				GCC_C_LANGUAGE_STANDARD = gnu11;
				GCC_DYNAMIC_NO_PIC = NO;
				GCC_NO_COMMON_BLOCKS = YES;
				GCC_OPTIMIZATION_LEVEL = 0;
				GCC_PREPROCESSOR_DEFINITIONS = (
					"DEBUG=1",
					"$(inherited)",
				);
				GCC_WARN_64_TO_32_BIT_CONVERSION = YES;
				GCC_WARN_ABOUT_RETURN_TYPE = YES_ERROR;
				GCC_WARN_UNDECLARED_SELECTOR = YES;
				GCC_WARN_UNINITIALIZED_AUTOS = YES_AGGRESSIVE;
				GCC_WARN_UNUSED_FUNCTION = YES;
				GCC_WARN_UNUSED_VARIABLE = YES;
				IPHONEOS_DEPLOYMENT_TARGET = 14.5;
				MTL_ENABLE_DEBUG_INFO = INCLUDE_SOURCE;
				MTL_FAST_MATH = YES;
				ONLY_ACTIVE_ARCH = YES;
				SDKROOT = iphoneos;
				SWIFT_ACTIVE_COMPILATION_CONDITIONS = DEBUG;
				SWIFT_OPTIMIZATION_LEVEL = "-Onone";
			};
			name = Debug;
		};
		BD6B4E2E265DD42900BEBF7F /* Release */ = {
			isa = XCBuildConfiguration;
			buildSettings = {
				ALWAYS_SEARCH_USER_PATHS = NO;
				CLANG_ANALYZER_NONNULL = YES;
				CLANG_ANALYZER_NUMBER_OBJECT_CONVERSION = YES_AGGRESSIVE;
				CLANG_CXX_LANGUAGE_STANDARD = "gnu++14";
				CLANG_CXX_LIBRARY = "libc++";
				CLANG_ENABLE_MODULES = YES;
				CLANG_ENABLE_OBJC_ARC = YES;
				CLANG_ENABLE_OBJC_WEAK = YES;
				CLANG_WARN_BLOCK_CAPTURE_AUTORELEASING = YES;
				CLANG_WARN_BOOL_CONVERSION = YES;
				CLANG_WARN_COMMA = YES;
				CLANG_WARN_CONSTANT_CONVERSION = YES;
				CLANG_WARN_DEPRECATED_OBJC_IMPLEMENTATIONS = YES;
				CLANG_WARN_DIRECT_OBJC_ISA_USAGE = YES_ERROR;
				CLANG_WARN_DOCUMENTATION_COMMENTS = YES;
				CLANG_WARN_EMPTY_BODY = YES;
				CLANG_WARN_ENUM_CONVERSION = YES;
				CLANG_WARN_INFINITE_RECURSION = YES;
				CLANG_WARN_INT_CONVERSION = YES;
				CLANG_WARN_NON_LITERAL_NULL_CONVERSION = YES;
				CLANG_WARN_OBJC_IMPLICIT_RETAIN_SELF = YES;
				CLANG_WARN_OBJC_LITERAL_CONVERSION = YES;
				CLANG_WARN_OBJC_ROOT_CLASS = YES_ERROR;
				CLANG_WARN_QUOTED_INCLUDE_IN_FRAMEWORK_HEADER = YES;
				CLANG_WARN_RANGE_LOOP_ANALYSIS = YES;
				CLANG_WARN_STRICT_PROTOTYPES = YES;
				CLANG_WARN_SUSPICIOUS_MOVE = YES;
				CLANG_WARN_UNGUARDED_AVAILABILITY = YES_AGGRESSIVE;
				CLANG_WARN_UNREACHABLE_CODE = YES;
				CLANG_WARN__DUPLICATE_METHOD_MATCH = YES;
				COPY_PHASE_STRIP = NO;
				DEBUG_INFORMATION_FORMAT = "dwarf-with-dsym";
				ENABLE_NS_ASSERTIONS = NO;
				ENABLE_STRICT_OBJC_MSGSEND = YES;
				GCC_C_LANGUAGE_STANDARD = gnu11;
				GCC_NO_COMMON_BLOCKS = YES;
				GCC_WARN_64_TO_32_BIT_CONVERSION = YES;
				GCC_WARN_ABOUT_RETURN_TYPE = YES_ERROR;
				GCC_WARN_UNDECLARED_SELECTOR = YES;
				GCC_WARN_UNINITIALIZED_AUTOS = YES_AGGRESSIVE;
				GCC_WARN_UNUSED_FUNCTION = YES;
				GCC_WARN_UNUSED_VARIABLE = YES;
				IPHONEOS_DEPLOYMENT_TARGET = 14.5;
				MTL_ENABLE_DEBUG_INFO = NO;
				MTL_FAST_MATH = YES;
				SDKROOT = iphoneos;
				SWIFT_COMPILATION_MODE = wholemodule;
				SWIFT_OPTIMIZATION_LEVEL = "-O";
				VALIDATE_PRODUCT = YES;
			};
			name = Release;
		};
		BD6B4E30265DD42900BEBF7F /* Debug */ = {
			isa = XCBuildConfiguration;
			baseConfigurationReference = 6286CBAEB4E70FA40F280C15 /* Pods-C.R.C.Ver2.debug.xcconfig */;
			buildSettings = {
				ASSETCATALOG_COMPILER_APPICON_NAME = AppIcon;
				ASSETCATALOG_COMPILER_GLOBAL_ACCENT_COLOR_NAME = AccentColor;
				CODE_SIGN_STYLE = Automatic;
				DEVELOPMENT_TEAM = YT86278469;
				INFOPLIST_FILE = C.R.C.Ver2/Info.plist;
				IPHONEOS_DEPLOYMENT_TARGET = 14.1;
				LD_RUNPATH_SEARCH_PATHS = (
					"$(inherited)",
					"@executable_path/Frameworks",
				);
				PRODUCT_BUNDLE_IDENTIFIER = "com.yourcompany.C-R-C-Ver2";
				PRODUCT_NAME = "$(TARGET_NAME)";
				SWIFT_VERSION = 5.0;
				TARGETED_DEVICE_FAMILY = 1;
			};
			name = Debug;
		};
		BD6B4E31265DD42900BEBF7F /* Release */ = {
			isa = XCBuildConfiguration;
			baseConfigurationReference = 703F4D52836E0CB5BC009D84 /* Pods-C.R.C.Ver2.release.xcconfig */;
			buildSettings = {
				ASSETCATALOG_COMPILER_APPICON_NAME = AppIcon;
				ASSETCATALOG_COMPILER_GLOBAL_ACCENT_COLOR_NAME = AccentColor;
				CODE_SIGN_STYLE = Automatic;
				DEVELOPMENT_TEAM = YT86278469;
				INFOPLIST_FILE = C.R.C.Ver2/Info.plist;
				IPHONEOS_DEPLOYMENT_TARGET = 14.1;
				LD_RUNPATH_SEARCH_PATHS = (
					"$(inherited)",
					"@executable_path/Frameworks",
				);
				PRODUCT_BUNDLE_IDENTIFIER = "com.yourcompany.C-R-C-Ver2";
				PRODUCT_NAME = "$(TARGET_NAME)";
				SWIFT_VERSION = 5.0;
				TARGETED_DEVICE_FAMILY = 1;
			};
			name = Release;
		};
/* End XCBuildConfiguration section */

/* Begin XCConfigurationList section */
		BD6B4E16265DD42800BEBF7F /* Build configuration list for PBXProject "C.R.C.Ver2" */ = {
			isa = XCConfigurationList;
			buildConfigurations = (
				BD6B4E2D265DD42900BEBF7F /* Debug */,
				BD6B4E2E265DD42900BEBF7F /* Release */,
			);
			defaultConfigurationIsVisible = 0;
			defaultConfigurationName = Release;
		};
		BD6B4E2F265DD42900BEBF7F /* Build configuration list for PBXNativeTarget "C.R.C.Ver2" */ = {
			isa = XCConfigurationList;
			buildConfigurations = (
				BD6B4E30265DD42900BEBF7F /* Debug */,
				BD6B4E31265DD42900BEBF7F /* Release */,
			);
			defaultConfigurationIsVisible = 0;
			defaultConfigurationName = Release;
		};
/* End XCConfigurationList section */

/* Begin XCRemoteSwiftPackageReference section */
		BD6B4E3A26607B8D00BEBF7F /* XCRemoteSwiftPackageReference "Alamofire" */ = {
			isa = XCRemoteSwiftPackageReference;
			repositoryURL = "https://github.com/Alamofire/Alamofire";
			requirement = {
				kind = upToNextMajorVersion;
				minimumVersion = 5.4.3;
			};
		};
		BDB3DC782669FAF100EBE1EF /* XCRemoteSwiftPackageReference "NVActivityIndicatorView" */ = {
			isa = XCRemoteSwiftPackageReference;
			repositoryURL = "https://github.com/ninjaprox/NVActivityIndicatorView";
			requirement = {
				kind = upToNextMajorVersion;
				minimumVersion = 5.1.1;
			};
		};
		BDFE5EC0266521B70070FBAC /* XCRemoteSwiftPackageReference "KeychainAccess" */ = {
			isa = XCRemoteSwiftPackageReference;
			repositoryURL = "https://github.com/kishikawakatsumi/KeychainAccess";
			requirement = {
				kind = upToNextMajorVersion;
				minimumVersion = 4.2.2;
			};
		};
/* End XCRemoteSwiftPackageReference section */

/* Begin XCSwiftPackageProductDependency section */
		BD6B4E3B26607B8D00BEBF7F /* Alamofire */ = {
			isa = XCSwiftPackageProductDependency;
			package = BD6B4E3A26607B8D00BEBF7F /* XCRemoteSwiftPackageReference "Alamofire" */;
			productName = Alamofire;
		};
		BDB3DC792669FAF100EBE1EF /* NVActivityIndicatorView */ = {
			isa = XCSwiftPackageProductDependency;
			package = BDB3DC782669FAF100EBE1EF /* XCRemoteSwiftPackageReference "NVActivityIndicatorView" */;
			productName = NVActivityIndicatorView;
		};
		BDFE5EC1266521B70070FBAC /* KeychainAccess */ = {
			isa = XCSwiftPackageProductDependency;
			package = BDFE5EC0266521B70070FBAC /* XCRemoteSwiftPackageReference "KeychainAccess" */;
			productName = KeychainAccess;
		};
/* End XCSwiftPackageProductDependency section */
	};
	rootObject = BD6B4E13265DD42800BEBF7F /* Project object */;
}
