// !$*UTF8*$!
{
	archiveVersion = 1;
	classes = {
	};
	objectVersion = 50;
	objects = {

/* Begin PBXBuildFile section */
		BD6B4E1F265DD42800BEBF7F /* AppDelegate.swift in Sources */ = {isa = PBXBuildFile; fileRef = BD6B4E1E265DD42800BEBF7F /* AppDelegate.swift */; };
		BD6B4E21265DD42800BEBF7F /* SceneDelegate.swift in Sources */ = {isa = PBXBuildFile; fileRef = BD6B4E20265DD42800BEBF7F /* SceneDelegate.swift */; };
		BD6B4E23265DD42800BEBF7F /* ViewController.swift in Sources */ = {isa = PBXBuildFile; fileRef = BD6B4E22265DD42800BEBF7F /* ViewController.swift */; };
		BD6B4E26265DD42800BEBF7F /* Main.storyboard in Resources */ = {isa = PBXBuildFile; fileRef = BD6B4E24265DD42800BEBF7F /* Main.storyboard */; };
		BD6B4E28265DD42900BEBF7F /* Assets.xcassets in Resources */ = {isa = PBXBuildFile; fileRef = BD6B4E27265DD42900BEBF7F /* Assets.xcassets */; };
		BD6B4E2B265DD42900BEBF7F /* LaunchScreen.storyboard in Resources */ = {isa = PBXBuildFile; fileRef = BD6B4E29265DD42900BEBF7F /* LaunchScreen.storyboard */; };
/* End PBXBuildFile section */

/* Begin PBXFileReference section */
		BD6B4E1B265DD42800BEBF7F /* C.R.C.Ver2.app */ = {isa = PBXFileReference; explicitFileType = wrapper.application; includeInIndex = 0; path = C.R.C.Ver2.app; sourceTree = BUILT_PRODUCTS_DIR; };
		BD6B4E1E265DD42800BEBF7F /* AppDelegate.swift */ = {isa = PBXFileReference; lastKnownFileType = sourcecode.swift; path = AppDelegate.swift; sourceTree = "<group>"; };
		BD6B4E20265DD42800BEBF7F /* SceneDelegate.swift */ = {isa = PBXFileReference; lastKnownFileType = sourcecode.swift; path = SceneDelegate.swift; sourceTree = "<group>"; };
		BD6B4E22265DD42800BEBF7F /* ViewController.swift */ = {isa = PBXFileReference; lastKnownFileType = sourcecode.swift; path = ViewController.swift; sourceTree = "<group>"; };
		BD6B4E25265DD42800BEBF7F /* Base */ = {isa = PBXFileReference; lastKnownFileType = file.storyboard; name = Base; path = Base.lproj/Main.storyboard; sourceTree = "<group>"; };
		BD6B4E27265DD42900BEBF7F /* Assets.xcassets */ = {isa = PBXFileReference; lastKnownFileType = folder.assetcatalog; path = Assets.xcassets; sourceTree = "<group>"; };
		BD6B4E2A265DD42900BEBF7F /* Base */ = {isa = PBXFileReference; lastKnownFileType = file.storyboard; name = Base; path = Base.lproj/LaunchScreen.storyboard; sourceTree = "<group>"; };
		BD6B4E2C265DD42900BEBF7F /* Info.plist */ = {isa = PBXFileReference; lastKnownFileType = text.plist.xml; path = Info.plist; sourceTree = "<group>"; };
/* End PBXFileReference section */

/* Begin PBXFrameworksBuildPhase section */
		BD6B4E18265DD42800BEBF7F /* Frameworks */ = {
			isa = PBXFrameworksBuildPhase;
			buildActionMask = 2147483647;
			files = (
			);
			runOnlyForDeploymentPostprocessing = 0;
		};
/* End PBXFrameworksBuildPhase section */

/* Begin PBXGroup section */
		BD6B4E12265DD42800BEBF7F = {
			isa = PBXGroup;
			children = (
				BD6B4E1D265DD42800BEBF7F /* C.R.C.Ver2 */,
				BD6B4E1C265DD42800BEBF7F /* Products */,
			);
			sourceTree = "<group>";
		};
		BD6B4E1C265DD42800BEBF7F /* Products */ = {
			isa = PBXGroup;
			children = (
				BD6B4E1B265DD42800BEBF7F /* C.R.C.Ver2.app */,
			);
			name = Products;
			sourceTree = "<group>";
		};
		BD6B4E1D265DD42800BEBF7F /* C.R.C.Ver2 */ = {
			isa = PBXGroup;
			children = (
				BD6B4E1E265DD42800BEBF7F /* AppDelegate.swift */,
				BD6B4E20265DD42800BEBF7F /* SceneDelegate.swift */,
				BD6B4E22265DD42800BEBF7F /* ViewController.swift */,
				BD6B4E24265DD42800BEBF7F /* Main.storyboard */,
				BD6B4E27265DD42900BEBF7F /* Assets.xcassets */,
				BD6B4E29265DD42900BEBF7F /* LaunchScreen.storyboard */,
				BD6B4E2C265DD42900BEBF7F /* Info.plist */,
			);
			path = C.R.C.Ver2;
			sourceTree = "<group>";
		};
/* End PBXGroup section */

/* Begin PBXNativeTarget section */
		BD6B4E1A265DD42800BEBF7F /* C.R.C.Ver2 */ = {
			isa = PBXNativeTarget;
			buildConfigurationList = BD6B4E2F265DD42900BEBF7F /* Build configuration list for PBXNativeTarget "C.R.C.Ver2" */;
			buildPhases = (
				BD6B4E17265DD42800BEBF7F /* Sources */,
				BD6B4E18265DD42800BEBF7F /* Frameworks */,
				BD6B4E19265DD42800BEBF7F /* Resources */,
			);
			buildRules = (
			);
			dependencies = (
			);
			name = C.R.C.Ver2;
			productName = C.R.C.Ver2;
			productReference = BD6B4E1B265DD42800BEBF7F /* C.R.C.Ver2.app */;
			productType = "com.apple.product-type.application";
		};
/* End PBXNativeTarget section */

/* Begin PBXProject section */
		BD6B4E13265DD42800BEBF7F /* Project object */ = {
			isa = PBXProject;
			attributes = {
				LastSwiftUpdateCheck = 1250;
				LastUpgradeCheck = 1250;
				TargetAttributes = {
					BD6B4E1A265DD42800BEBF7F = {
						CreatedOnToolsVersion = 12.5;
					};
				};
			};
			buildConfigurationList = BD6B4E16265DD42800BEBF7F /* Build configuration list for PBXProject "C.R.C.Ver2" */;
			compatibilityVersion = "Xcode 9.3";
			developmentRegion = en;
			hasScannedForEncodings = 0;
			knownRegions = (
				en,
				Base,
			);
			mainGroup = BD6B4E12265DD42800BEBF7F;
			productRefGroup = BD6B4E1C265DD42800BEBF7F /* Products */;
			projectDirPath = "";
			projectRoot = "";
			targets = (
				BD6B4E1A265DD42800BEBF7F /* C.R.C.Ver2 */,
			);
		};
/* End PBXProject section */

/* Begin PBXResourcesBuildPhase section */
		BD6B4E19265DD42800BEBF7F /* Resources */ = {
			isa = PBXResourcesBuildPhase;
			buildActionMask = 2147483647;
			files = (
				BD6B4E2B265DD42900BEBF7F /* LaunchScreen.storyboard in Resources */,
				BD6B4E28265DD42900BEBF7F /* Assets.xcassets in Resources */,
				BD6B4E26265DD42800BEBF7F /* Main.storyboard in Resources */,
			);
			runOnlyForDeploymentPostprocessing = 0;
		};
/* End PBXResourcesBuildPhase section */

/* Begin PBXSourcesBuildPhase section */
		BD6B4E17265DD42800BEBF7F /* Sources */ = {
			isa = PBXSourcesBuildPhase;
			buildActionMask = 2147483647;
			files = (
				BD6B4E23265DD42800BEBF7F /* ViewController.swift in Sources */,
				BD6B4E1F265DD42800BEBF7F /* AppDelegate.swift in Sources */,
				BD6B4E21265DD42800BEBF7F /* SceneDelegate.swift in Sources */,
			);
			runOnlyForDeploymentPostprocessing = 0;
		};
/* End PBXSourcesBuildPhase section */

/* Begin PBXVariantGroup section */
		BD6B4E24265DD42800BEBF7F /* Main.storyboard */ = {
			isa = PBXVariantGroup;
			children = (
				BD6B4E25265DD42800BEBF7F /* Base */,
			);
			name = Main.storyboard;
			sourceTree = "<group>";
		};
		BD6B4E29265DD42900BEBF7F /* LaunchScreen.storyboard */ = {
			isa = PBXVariantGroup;
			children = (
				BD6B4E2A265DD42900BEBF7F /* Base */,
			);
			name = LaunchScreen.storyboard;
			sourceTree = "<group>";
		};
/* End PBXVariantGroup section */

/* Begin XCBuildConfiguration section */
		BD6B4E2D265DD42900BEBF7F /* Debug */ = {
			isa = XCBuildConfiguration;
			buildSettings = {
				ALWAYS_SEARCH_USER_PATHS = NO;
				CLANG_ANALYZER_NONNULL = YES;
				CLANG_ANALYZER_NUMBER_OBJECT_CONVERSION = YES_AGGRESSIVE;
				CLANG_CXX_LANGUAGE_STANDARD = "gnu++14";
				CLANG_CXX_LIBRARY = "libc++";
				CLANG_ENABLE_MODULES = YES;
				CLANG_ENABLE_OBJC_ARC = YES;
				CLANG_ENABLE_OBJC_WEAK = YES;
				CLANG_WARN_BLOCK_CAPTURE_AUTORELEASING = YES;
				CLANG_WARN_BOOL_CONVERSION = YES;
				CLANG_WARN_COMMA = YES;
				CLANG_WARN_CONSTANT_CONVERSION = YES;
				CLANG_WARN_DEPRECATED_OBJC_IMPLEMENTATIONS = YES;
				CLANG_WARN_DIRECT_OBJC_ISA_USAGE = YES_ERROR;
				CLANG_WARN_DOCUMENTATION_COMMENTS = YES;
				CLANG_WARN_EMPTY_BODY = YES;
				CLANG_WARN_ENUM_CONVERSION = YES;
				CLANG_WARN_INFINITE_RECURSION = YES;
				CLANG_WARN_INT_CONVERSION = YES;
				CLANG_WARN_NON_LITERAL_NULL_CONVERSION = YES;
				CLANG_WARN_OBJC_IMPLICIT_RETAIN_SELF = YES;
				CLANG_WARN_OBJC_LITERAL_CONVERSION = YES;
				CLANG_WARN_OBJC_ROOT_CLASS = YES_ERROR;
				CLANG_WARN_QUOTED_INCLUDE_IN_FRAMEWORK_HEADER = YES;
				CLANG_WARN_RANGE_LOOP_ANALYSIS = YES;
				CLANG_WARN_STRICT_PROTOTYPES = YES;
				CLANG_WARN_SUSPICIOUS_MOVE = YES;
				CLANG_WARN_UNGUARDED_AVAILABILITY = YES_AGGRESSIVE;
				CLANG_WARN_UNREACHABLE_CODE = YES;
				CLANG_WARN__DUPLICATE_METHOD_MATCH = YES;
				COPY_PHASE_STRIP = NO;
				DEBUG_INFORMATION_FORMAT = dwarf;
				ENABLE_STRICT_OBJC_MSGSEND = YES;
				ENABLE_TESTABILITY = YES;
				GCC_C_LANGUAGE_STANDARD = gnu11;
				GCC_DYNAMIC_NO_PIC = NO;
				GCC_NO_COMMON_BLOCKS = YES;
				GCC_OPTIMIZATION_LEVEL = 0;
				GCC_PREPROCESSOR_DEFINITIONS = (
					"DEBUG=1",
					"$(inherited)",
				);
				GCC_WARN_64_TO_32_BIT_CONVERSION = YES;
				GCC_WARN_ABOUT_RETURN_TYPE = YES_ERROR;
				GCC_WARN_UNDECLARED_SELECTOR = YES;
				GCC_WARN_UNINITIALIZED_AUTOS = YES_AGGRESSIVE;
				GCC_WARN_UNUSED_FUNCTION = YES;
				GCC_WARN_UNUSED_VARIABLE = YES;
				IPHONEOS_DEPLOYMENT_TARGET = 14.5;
				MTL_ENABLE_DEBUG_INFO = INCLUDE_SOURCE;
				MTL_FAST_MATH = YES;
				ONLY_ACTIVE_ARCH = YES;
				SDKROOT = iphoneos;
				SWIFT_ACTIVE_COMPILATION_CONDITIONS = DEBUG;
				SWIFT_OPTIMIZATION_LEVEL = "-Onone";
			};
			name = Debug;
		};
		BD6B4E2E265DD42900BEBF7F /* Release */ = {
			isa = XCBuildConfiguration;
			buildSettings = {
				ALWAYS_SEARCH_USER_PATHS = NO;
				CLANG_ANALYZER_NONNULL = YES;
				CLANG_ANALYZER_NUMBER_OBJECT_CONVERSION = YES_AGGRESSIVE;
				CLANG_CXX_LANGUAGE_STANDARD = "gnu++14";
				CLANG_CXX_LIBRARY = "libc++";
				CLANG_ENABLE_MODULES = YES;
				CLANG_ENABLE_OBJC_ARC = YES;
				CLANG_ENABLE_OBJC_WEAK = YES;
				CLANG_WARN_BLOCK_CAPTURE_AUTORELEASING = YES;
				CLANG_WARN_BOOL_CONVERSION = YES;
				CLANG_WARN_COMMA = YES;
				CLANG_WARN_CONSTANT_CONVERSION = YES;
				CLANG_WARN_DEPRECATED_OBJC_IMPLEMENTATIONS = YES;
				CLANG_WARN_DIRECT_OBJC_ISA_USAGE = YES_ERROR;
				CLANG_WARN_DOCUMENTATION_COMMENTS = YES;
				CLANG_WARN_EMPTY_BODY = YES;
				CLANG_WARN_ENUM_CONVERSION = YES;
				CLANG_WARN_INFINITE_RECURSION = YES;
				CLANG_WARN_INT_CONVERSION = YES;
				CLANG_WARN_NON_LITERAL_NULL_CONVERSION = YES;
				CLANG_WARN_OBJC_IMPLICIT_RETAIN_SELF = YES;
				CLANG_WARN_OBJC_LITERAL_CONVERSION = YES;
				CLANG_WARN_OBJC_ROOT_CLASS = YES_ERROR;
				CLANG_WARN_QUOTED_INCLUDE_IN_FRAMEWORK_HEADER = YES;
				CLANG_WARN_RANGE_LOOP_ANALYSIS = YES;
				CLANG_WARN_STRICT_PROTOTYPES = YES;
				CLANG_WARN_SUSPICIOUS_MOVE = YES;
				CLANG_WARN_UNGUARDED_AVAILABILITY = YES_AGGRESSIVE;
				CLANG_WARN_UNREACHABLE_CODE = YES;
				CLANG_WARN__DUPLICATE_METHOD_MATCH = YES;
				COPY_PHASE_STRIP = NO;
				DEBUG_INFORMATION_FORMAT = "dwarf-with-dsym";
				ENABLE_NS_ASSERTIONS = NO;
				ENABLE_STRICT_OBJC_MSGSEND = YES;
				GCC_C_LANGUAGE_STANDARD = gnu11;
				GCC_NO_COMMON_BLOCKS = YES;
				GCC_WARN_64_TO_32_BIT_CONVERSION = YES;
				GCC_WARN_ABOUT_RETURN_TYPE = YES_ERROR;
				GCC_WARN_UNDECLARED_SELECTOR = YES;
				GCC_WARN_UNINITIALIZED_AUTOS = YES_AGGRESSIVE;
				GCC_WARN_UNUSED_FUNCTION = YES;
				GCC_WARN_UNUSED_VARIABLE = YES;
				IPHONEOS_DEPLOYMENT_TARGET = 14.5;
				MTL_ENABLE_DEBUG_INFO = NO;
				MTL_FAST_MATH = YES;
				SDKROOT = iphoneos;
				SWIFT_COMPILATION_MODE = wholemodule;
				SWIFT_OPTIMIZATION_LEVEL = "-O";
				VALIDATE_PRODUCT = YES;
			};
			name = Release;
		};
		BD6B4E30265DD42900BEBF7F /* Debug */ = {
			isa = XCBuildConfiguration;
			buildSettings = {
				ASSETCATALOG_COMPILER_APPICON_NAME = AppIcon;
				ASSETCATALOG_COMPILER_GLOBAL_ACCENT_COLOR_NAME = AccentColor;
				CODE_SIGN_STYLE = Automatic;
				DEVELOPMENT_TEAM = YT86278469;
				INFOPLIST_FILE = C.R.C.Ver2/Info.plist;
				IPHONEOS_DEPLOYMENT_TARGET = 14.1;
				LD_RUNPATH_SEARCH_PATHS = (
					"$(inherited)",
					"@executable_path/Frameworks",
				);
				PRODUCT_BUNDLE_IDENTIFIER = "com.yourcompany.C-R-C-Ver2";
				PRODUCT_NAME = "$(TARGET_NAME)";
				SWIFT_VERSION = 5.0;
				TARGETED_DEVICE_FAMILY = 1;
			};
			name = Debug;
		};
		BD6B4E31265DD42900BEBF7F /* Release */ = {
			isa = XCBuildConfiguration;
			buildSettings = {
				ASSETCATALOG_COMPILER_APPICON_NAME = AppIcon;
				ASSETCATALOG_COMPILER_GLOBAL_ACCENT_COLOR_NAME = AccentColor;
				CODE_SIGN_STYLE = Automatic;
				DEVELOPMENT_TEAM = YT86278469;
				INFOPLIST_FILE = C.R.C.Ver2/Info.plist;
				IPHONEOS_DEPLOYMENT_TARGET = 14.1;
				LD_RUNPATH_SEARCH_PATHS = (
					"$(inherited)",
					"@executable_path/Frameworks",
				);
				PRODUCT_BUNDLE_IDENTIFIER = "com.yourcompany.C-R-C-Ver2";
				PRODUCT_NAME = "$(TARGET_NAME)";
				SWIFT_VERSION = 5.0;
				TARGETED_DEVICE_FAMILY = 1;
			};
			name = Release;
		};
/* End XCBuildConfiguration section */

/* Begin XCConfigurationList section */
		BD6B4E16265DD42800BEBF7F /* Build configuration list for PBXProject "C.R.C.Ver2" */ = {
			isa = XCConfigurationList;
			buildConfigurations = (
				BD6B4E2D265DD42900BEBF7F /* Debug */,
				BD6B4E2E265DD42900BEBF7F /* Release */,
			);
			defaultConfigurationIsVisible = 0;
			defaultConfigurationName = Release;
		};
		BD6B4E2F265DD42900BEBF7F /* Build configuration list for PBXNativeTarget "C.R.C.Ver2" */ = {
			isa = XCConfigurationList;
			buildConfigurations = (
				BD6B4E30265DD42900BEBF7F /* Debug */,
				BD6B4E31265DD42900BEBF7F /* Release */,
			);
			defaultConfigurationIsVisible = 0;
			defaultConfigurationName = Release;
		};
/* End XCConfigurationList section */
	};
	rootObject = BD6B4E13265DD42800BEBF7F /* Project object */;
}
